
Microsoft Visual Studio Solution File, Format Version 12.00
# Visual Studio 14
VisualStudioVersion = 14.0.23107.0
MinimumVisualStudioVersion = 10.0.40219.1
Project("{FAE04EC0-301F-11D3-BF4B-00C04F79EFBC}") = "MultiNet", "MultiNet\MultiNet.csproj", "{D6F1217D-20B0-4F47-8F08-81E0B47C2EDC}"
EndProject
Global
	GlobalSection(SolutionConfigurationPlatforms) = preSolution
		Debug|Any CPU = Debug|Any CPU
		Release|Any CPU = Release|Any CPU
	EndGlobalSection
	GlobalSection(ProjectConfigurationPlatforms) = postSolution
		{D6F1217D-20B0-4F47-8F08-81E0B47C2EDC}.Debug|Any CPU.ActiveCfg = Debug|Any CPU
		{D6F1217D-20B0-4F47-8F08-81E0B47C2EDC}.Debug|Any CPU.Build.0 = Debug|Any CPU
		{D6F1217D-20B0-4F47-8F08-81E0B47C2EDC}.Release|Any CPU.ActiveCfg = Release|Any CPU
		{D6F1217D-20B0-4F47-8F08-81E0B47C2EDC}.Release|Any CPU.Build.0 = Release|Any CPU
	EndGlobalSection
	GlobalSection(SolutionProperties) = preSolution
		HideSolutionNode = FALSE
	EndGlobalSection
EndGlobal
